Microsoft Visual Studio Solution File, Format Version 12.00
# Visual Studio Version 17
VisualStudioVersion = 17.0.0.0
MinimumVisualStudioVersion = 10.0.40219.1

# API Gateway
Project("{2150E333-8FDC-42A3-9474-1A3956D46DE8}") = "ApiGateway", "ApiGateway", "{1A0CE173-CD80-4B77-BA95-6D3F8FD2A7EA}"
EndProject
Project("{9A19103F-16F7-4668-BE54-9A1E7A4F7556}") = "WMS.ApiGateway", "src\ApiGateway\WMS.ApiGateway\WMS.ApiGateway.csproj", "{22F3504B-927F-4BCD-B093-88A19C9C1A08}"
EndProject

# Building Blocks
Project("{2150E333-8FDC-42A3-9474-1A3956D46DE8}") = "BuildingBlocks", "BuildingBlocks", "{24318BB3-3BCD-4BAD-8C1C-D7E8D3BC244E}"
EndProject
Project("{9A19103F-16F7-4668-BE54-9A1E7A4F7556}") = "WMS.SharedKernel", "src\BuildingBlocks\WMS.SharedKernel\WMS.SharedKernel.csproj", "{3E98A98B-EF92-4793-9CD7-44212D54FB0D}"
EndProject
Project("{9A19103F-16F7-4668-BE54-9A1E7A4F7556}") = "WMS.EventBus", "src\BuildingBlocks\WMS.EventBus\WMS.EventBus.csproj", "{F3FDC048-EACC-4C59-AFCE-4A9AED03D740}"
EndProject
Project("{9A19103F-16F7-4668-BE54-9A1E7A4F7556}") = "WMS.Infrastructure", "src\BuildingBlocks\WMS.Infrastructure\WMS.Infrastructure.csproj", "{8E1D752B-5FF1-4E74-9E1B-3C90FC41EBE5}"
EndProject

# Services
Project("{2150E333-8FDC-42A3-9474-1A3956D46DE8}") = "Services", "Services", "{7DFCBCBB-896F-478B-9566-53E3342CAA91}"
EndProject

# Inventory Service
Project("{2150E333-8FDC-42A3-9474-1A3956D46DE8}") = "Inventory", "Inventory", "{9F9C2508-9F1A-4C09-9842-7DD91C558987}"
EndProject
Project("{9A19103F-16F7-4668-BE54-9A1E7A4F7556}") = "WMS.Inventory.API", "src\Services\Inventory\WMS.Inventory.API\WMS.Inventory.API.csproj", "{54AE27C3-6BE9-4F30-9CB8-A7EBA5826D78}"
EndProject
Project("{9A19103F-16F7-4668-BE54-9A1E7A4F7556}") = "WMS.Inventory.Application", "src\Services\Inventory\WMS.Inventory.Application\WMS.Inventory.Application.csproj", "{3D34D6C5-1938-45A0-A4A0-0592C9E52973}"
EndProject
Project("{9A19103F-16F7-4668-BE54-9A1E7A4F7556}") = "WMS.Inventory.Domain", "src\Services\Inventory\WMS.Inventory.Domain\WMS.Inventory.Domain.csproj", "{0D7C9EE7-F2D2-4062-9171-6EE0BF9D5BFC}"
EndProject
Project("{9A19103F-16F7-4668-BE54-9A1E7A4F7556}") = "WMS.Inventory.Infrastructure", "src\Services\Inventory\WMS.Inventory.Infrastructure\WMS.Inventory.Infrastructure.csproj", "{CC7EA4F2-BD0A-4A31-95F1-46ECC1EC6841}"
EndProject

# Picking Service
Project("{2150E333-8FDC-42A3-9474-1A3956D46DE8}") = "Picking", "Picking", "{B94E0085-0F86-4D3B-BEF1-5186224CD95A}"
EndProject
Project("{9A19103F-16F7-4668-BE54-9A1E7A4F7556}") = "WMS.Picking.API", "src\Services\Picking\WMS.Picking.API\WMS.Picking.API.csproj", "{19D0D699-5EE1-4C0D-B7A6-20E525DB0467}"
EndProject
Project("{9A19103F-16F7-4668-BE54-9A1E7A4F7556}") = "WMS.Picking.Application", "src\Services\Picking\WMS.Picking.Application\WMS.Picking.Application.csproj", "{1D59DF32-A813-464A-8BE0-8EA8C7F2BE25}"
EndProject
Project("{9A19103F-16F7-4668-BE54-9A1E7A4F7556}") = "WMS.Picking.Domain", "src\Services\Picking\WMS.Picking.Domain\WMS.Picking.Domain.csproj", "{AC5AF0C2-6C1C-450F-BBD0-0C850C226C87}"
EndProject
Project("{9A19103F-16F7-4668-BE54-9A1E7A4F7556}") = "WMS.Picking.Infrastructure", "src\Services\Picking\WMS.Picking.Infrastructure\WMS.Picking.Infrastructure.csproj", "{D9089B41-8A0A-4D33-B932-EC57E4C6D95C}"
EndProject

# Receiving Service
Project("{9A19103F-16F7-4668-BE54-9A1E7A4F7556}") = "WMS.Receiving.API", "src\Services\Receiving\WMS.Receiving.API\WMS.Receiving.API.csproj", "{6AC74A6A-A0C2-4ED5-A993-14C0A331CF01}"
EndProject
Project("{9A19103F-16F7-4668-BE54-9A1E7A4F7556}") = "WMS.Receiving.Application", "src\Services\Receiving\WMS.Receiving.Application\WMS.Receiving.Application.csproj", "{79C39EE3-C6D4-4D5C-B0AA-5A531E510A34}"
EndProject
Project("{9A19103F-16F7-4668-BE54-9A1E7A4F7556}") = "WMS.Receiving.Domain", "src\Services\Receiving\WMS.Receiving.Domain\WMS.Receiving.Domain.csproj", "{F7AAAE68-6C4B-476C-8EA5-2CFA3DA8BF50}"
EndProject
Project("{9A19103F-16F7-4668-BE54-9A1E7A4F7556}") = "WMS.Receiving.Infrastructure", "src\Services\Receiving\WMS.Receiving.Infrastructure\WMS.Receiving.Infrastructure.csproj", "{2F9DFDBE-B212-437D-9068-B598D45158BF}"
EndProject

# Shipping Service
Project("{9A19103F-16F7-4668-BE54-9A1E7A4F7556}") = "WMS.Shipping.API", "src\Services\Shipping\WMS.Shipping.API\WMS.Shipping.API.csproj", "{F4B60D5A-52D0-4B29-8514-18C78C5C6AE3}"
EndProject
Project("{9A19103F-16F7-4668-BE54-9A1E7A4F7556}") = "WMS.Shipping.Application", "src\Services\Shipping\WMS.Shipping.Application\WMS.Shipping.Application.csproj", "{E6F2C89E-645F-4C2B-B904-225C5D6F3F18}"
EndProject
Project("{9A19103F-16F7-4668-BE54-9A1E7A4F7556}") = "WMS.Shipping.Domain", "src\Services\Shipping\WMS.Shipping.Domain\WMS.Shipping.Domain.csproj", "{9CAF2911-B365-4782-85D5-69C83C3451C5}"
EndProject
Project("{9A19103F-16F7-4668-BE54-9A1E7A4F7556}") = "WMS.Shipping.Infrastructure", "src\Services\Shipping\WMS.Shipping.Infrastructure\WMS.Shipping.Infrastructure.csproj", "{06B06D0F-7262-4EA0-BAF2-AF4D05D531C2}"
EndProject

# Web Applications
Project("{2150E333-8FDC-42A3-9474-1A3956D46DE8}") = "Web", "Web", "{A16D4856-1A72-4B31-8808-A8B7EBC4D488}"
EndProject
Project("{9A19103F-16F7-4668-BE54-9A1E7A4F7556}") = "WMS.Admin", "src\Web\WMS.Admin\WMS.Admin.csproj", "{9BA82BC8-D7CF-4148-9317-EBBC9AEDB08F}"
EndProject
Project("{9A19103F-16F7-4668-BE54-9A1E7A4F7556}") = "WMS.Mobile", "src\Web\WMS.Mobile\WMS.Mobile.csproj", "{22E7ABE8-0F6F-4E8C-AE05-1CDD0449E2CB}"
EndProject

# Tests
Project("{2150E333-8FDC-42A3-9474-1A3956D46DE8}") = "Tests", "Tests", "{17A8FD87-FAF8-4A6B-9146-33C94D9ACB9D}"
EndProject

# Unit Tests
Project("{2150E333-8FDC-42A3-9474-1A3956D46DE8}") = "UnitTests", "UnitTests", "{F7B0CF06-C0C1-4E64-BB29-39A02087A640}"
EndProject
Project("{9A19103F-16F7-4668-BE54-9A1E7A4F7556}") = "WMS.Inventory.UnitTests", "tests\UnitTests\WMS.Inventory.UnitTests\WMS.Inventory.UnitTests.csproj", "{7CCD7A85-373B-49CE-A329-1F97A23CE25D}"
EndProject
Project("{9A19103F-16F7-4668-BE54-9A1E7A4F7556}") = "WMS.Picking.UnitTests", "tests\UnitTests\WMS.Picking.UnitTests\WMS.Picking.UnitTests.csproj", "{10B53D91-9321-4EF7-A727-1F917CDDD6F2}"
EndProject
Project("{9A19103F-16F7-4668-BE54-9A1E7A4F7556}") = "WMS.Receiving.UnitTests", "tests\UnitTests\WMS.Receiving.UnitTests\WMS.Receiving.UnitTests.csproj", "{2F4DF5FC-E74A-4FC4-AFF5-9954B4A5CEE4}"
EndProject
Project("{9A19103F-16F7-4668-BE54-9A1E7A4F7556}") = "WMS.Shipping.UnitTests", "tests\UnitTests\WMS.Shipping.UnitTests\WMS.Shipping.UnitTests.csproj", "{DF08A6BB-2D39-4507-8F29-C71F3C09451C}"
EndProject

# Integration Tests
Project("{2150E333-8FDC-42A3-9474-1A3956D46DE8}") = "IntegrationTests", "IntegrationTests", "{A9349D4B-8F6A-4FAE-9876-9BC68C5FC0B4}"
EndProject
Project("{9A19103F-16F7-4668-BE54-9A1E7A4F7556}") = "WMS.Inventory.IntegrationTests", "tests\IntegrationTests\WMS.Inventory.IntegrationTests\WMS.Inventory.IntegrationTests.csproj", "{AE3FF3F9-B1B9-4714-8D8C-C50C499C365E}"
EndProject

# Functional Tests
Project("{2150E333-8FDC-42A3-9474-1A3956D46DE8}") = "FunctionalTests", "FunctionalTests", "{3A0C21F2-26BA-4119-81B4-71C09A35BE44}"
EndProject
Project("{9A19103F-16F7-4668-BE54-9A1E7A4F7556}") = "WMS.API.FunctionalTests", "tests\FunctionalTests\WMS.API.FunctionalTests\WMS.API.FunctionalTests.csproj", "{1B1DEBF2-7406-4836-A1F3-4B13587B324E}"
EndProject
Project("{2150E333-8FDC-42A3-9474-1A3956D46DE8}") = "Receiving", "Receiving", "{58C78FA9-3F82-4967-AA09-840C2C31D113}"
EndProject
Project("{2150E333-8FDC-42A3-9474-1A3956D46DE8}") = "Shipping", "Shipping", "{67F422F6-8A1F-400B-A782-7B7BF18F216E}"
EndProject

Global
	GlobalSection(SolutionConfigurationPlatforms) = preSolution
		Debug|Any CPU = Debug|Any CPU
		Release|Any CPU = Release|Any CPU
	EndGlobalSection
	GlobalSection(ProjectConfigurationPlatforms) = postSolution
		# Configuration entries for each project...
		{9BA82BC8-D7CF-4148-9317-EBBC9AEDB08F}.Debug|Any CPU.ActiveCfg = Debug|Any CPU
		{9BA82BC8-D7CF-4148-9317-EBBC9AEDB08F}.Debug|Any CPU.Build.0 = Debug|Any CPU
		{9BA82BC8-D7CF-4148-9317-EBBC9AEDB08F}.Release|Any CPU.ActiveCfg = Release|Any CPU
		{9BA82BC8-D7CF-4148-9317-EBBC9AEDB08F}.Release|Any CPU.Build.0 = Release|Any CPU
		{9BA82BC8-D7CF-4148-9317-EBBC9AEDB08F}.Release|Any CPU.Deploy.0 = Release|Any CPU
		{22F3504B-927F-4BCD-B093-88A19C9C1A08}.Debug|Any CPU.ActiveCfg = Debug|Any CPU
		{22F3504B-927F-4BCD-B093-88A19C9C1A08}.Debug|Any CPU.Build.0 = Debug|Any CPU
		{22F3504B-927F-4BCD-B093-88A19C9C1A08}.Release|Any CPU.ActiveCfg = Release|Any CPU
		{22F3504B-927F-4BCD-B093-88A19C9C1A08}.Release|Any CPU.Build.0 = Release|Any CPU
		{22F3504B-927F-4BCD-B093-88A19C9C1A08}.Release|Any CPU.Deploy.0 = Release|Any CPU
		{F3FDC048-EACC-4C59-AFCE-4A9AED03D740}.Debug|Any CPU.ActiveCfg = Debug|Any CPU
		{F3FDC048-EACC-4C59-AFCE-4A9AED03D740}.Debug|Any CPU.Build.0 = Debug|Any CPU
		{F3FDC048-EACC-4C59-AFCE-4A9AED03D740}.Release|Any CPU.ActiveCfg = Release|Any CPU
		{F3FDC048-EACC-4C59-AFCE-4A9AED03D740}.Release|Any CPU.Build.0 = Release|Any CPU
		{F3FDC048-EACC-4C59-AFCE-4A9AED03D740}.Release|Any CPU.Deploy.0 = Release|Any CPU
		{8E1D752B-5FF1-4E74-9E1B-3C90FC41EBE5}.Debug|Any CPU.ActiveCfg = Debug|Any CPU
		{8E1D752B-5FF1-4E74-9E1B-3C90FC41EBE5}.Debug|Any CPU.Build.0 = Debug|Any CPU
		{8E1D752B-5FF1-4E74-9E1B-3C90FC41EBE5}.Release|Any CPU.ActiveCfg = Release|Any CPU
		{8E1D752B-5FF1-4E74-9E1B-3C90FC41EBE5}.Release|Any CPU.Build.0 = Release|Any CPU
		{8E1D752B-5FF1-4E74-9E1B-3C90FC41EBE5}.Release|Any CPU.Deploy.0 = Release|Any CPU
		{54AE27C3-6BE9-4F30-9CB8-A7EBA5826D78}.Debug|Any CPU.ActiveCfg = Debug|Any CPU
		{54AE27C3-6BE9-4F30-9CB8-A7EBA5826D78}.Debug|Any CPU.Build.0 = Debug|Any CPU
		{54AE27C3-6BE9-4F30-9CB8-A7EBA5826D78}.Release|Any CPU.ActiveCfg = Release|Any CPU
		{54AE27C3-6BE9-4F30-9CB8-A7EBA5826D78}.Release|Any CPU.Build.0 = Release|Any CPU
		{54AE27C3-6BE9-4F30-9CB8-A7EBA5826D78}.Release|Any CPU.Deploy.0 = Release|Any CPU
		{3D34D6C5-1938-45A0-A4A0-0592C9E52973}.Debug|Any CPU.ActiveCfg = Debug|Any CPU
		{3D34D6C5-1938-45A0-A4A0-0592C9E52973}.Debug|Any CPU.Build.0 = Debug|Any CPU
		{3D34D6C5-1938-45A0-A4A0-0592C9E52973}.Release|Any CPU.ActiveCfg = Release|Any CPU
		{3D34D6C5-1938-45A0-A4A0-0592C9E52973}.Release|Any CPU.Build.0 = Release|Any CPU
		{3D34D6C5-1938-45A0-A4A0-0592C9E52973}.Release|Any CPU.Deploy.0 = Release|Any CPU
		{0D7C9EE7-F2D2-4062-9171-6EE0BF9D5BFC}.Debug|Any CPU.ActiveCfg = Debug|Any CPU
		{0D7C9EE7-F2D2-4062-9171-6EE0BF9D5BFC}.Debug|Any CPU.Build.0 = Debug|Any CPU
		{0D7C9EE7-F2D2-4062-9171-6EE0BF9D5BFC}.Release|Any CPU.ActiveCfg = Release|Any CPU
		{0D7C9EE7-F2D2-4062-9171-6EE0BF9D5BFC}.Release|Any CPU.Build.0 = Release|Any CPU
		{0D7C9EE7-F2D2-4062-9171-6EE0BF9D5BFC}.Release|Any CPU.Deploy.0 = Release|Any CPU
		{CC7EA4F2-BD0A-4A31-95F1-46ECC1EC6841}.Debug|Any CPU.ActiveCfg = Debug|Any CPU
		{CC7EA4F2-BD0A-4A31-95F1-46ECC1EC6841}.Debug|Any CPU.Build.0 = Debug|Any CPU
		{CC7EA4F2-BD0A-4A31-95F1-46ECC1EC6841}.Release|Any CPU.ActiveCfg = Release|Any CPU
		{CC7EA4F2-BD0A-4A31-95F1-46ECC1EC6841}.Release|Any CPU.Build.0 = Release|Any CPU
		{CC7EA4F2-BD0A-4A31-95F1-46ECC1EC6841}.Release|Any CPU.Deploy.0 = Release|Any CPU
		{22E7ABE8-0F6F-4E8C-AE05-1CDD0449E2CB}.Debug|Any CPU.ActiveCfg = Debug|Any CPU
		{22E7ABE8-0F6F-4E8C-AE05-1CDD0449E2CB}.Debug|Any CPU.Build.0 = Debug|Any CPU
		{22E7ABE8-0F6F-4E8C-AE05-1CDD0449E2CB}.Release|Any CPU.ActiveCfg = Release|Any CPU
		{22E7ABE8-0F6F-4E8C-AE05-1CDD0449E2CB}.Release|Any CPU.Build.0 = Release|Any CPU
		{22E7ABE8-0F6F-4E8C-AE05-1CDD0449E2CB}.Release|Any CPU.Deploy.0 = Release|Any CPU
		{19D0D699-5EE1-4C0D-B7A6-20E525DB0467}.Debug|Any CPU.ActiveCfg = Debug|Any CPU
		{19D0D699-5EE1-4C0D-B7A6-20E525DB0467}.Debug|Any CPU.Build.0 = Debug|Any CPU
		{19D0D699-5EE1-4C0D-B7A6-20E525DB0467}.Release|Any CPU.ActiveCfg = Release|Any CPU
		{19D0D699-5EE1-4C0D-B7A6-20E525DB0467}.Release|Any CPU.Build.0 = Release|Any CPU
		{19D0D699-5EE1-4C0D-B7A6-20E525DB0467}.Release|Any CPU.Deploy.0 = Release|Any CPU
		{1D59DF32-A813-464A-8BE0-8EA8C7F2BE25}.Debug|Any CPU.ActiveCfg = Debug|Any CPU
		{1D59DF32-A813-464A-8BE0-8EA8C7F2BE25}.Debug|Any CPU.Build.0 = Debug|Any CPU
		{1D59DF32-A813-464A-8BE0-8EA8C7F2BE25}.Release|Any CPU.ActiveCfg = Release|Any CPU
		{1D59DF32-A813-464A-8BE0-8EA8C7F2BE25}.Release|Any CPU.Build.0 = Release|Any CPU
		{1D59DF32-A813-464A-8BE0-8EA8C7F2BE25}.Release|Any CPU.Deploy.0 = Release|Any CPU
		{AC5AF0C2-6C1C-450F-BBD0-0C850C226C87}.Debug|Any CPU.ActiveCfg = Debug|Any CPU
		{AC5AF0C2-6C1C-450F-BBD0-0C850C226C87}.Debug|Any CPU.Build.0 = Debug|Any CPU
		{AC5AF0C2-6C1C-450F-BBD0-0C850C226C87}.Release|Any CPU.ActiveCfg = Release|Any CPU
		{AC5AF0C2-6C1C-450F-BBD0-0C850C226C87}.Release|Any CPU.Build.0 = Release|Any CPU
		{AC5AF0C2-6C1C-450F-BBD0-0C850C226C87}.Release|Any CPU.Deploy.0 = Release|Any CPU
		{D9089B41-8A0A-4D33-B932-EC57E4C6D95C}.Debug|Any CPU.ActiveCfg = Debug|Any CPU
		{D9089B41-8A0A-4D33-B932-EC57E4C6D95C}.Debug|Any CPU.Build.0 = Debug|Any CPU
		{D9089B41-8A0A-4D33-B932-EC57E4C6D95C}.Release|Any CPU.ActiveCfg = Release|Any CPU
		{D9089B41-8A0A-4D33-B932-EC57E4C6D95C}.Release|Any CPU.Build.0 = Release|Any CPU
		{D9089B41-8A0A-4D33-B932-EC57E4C6D95C}.Release|Any CPU.Deploy.0 = Release|Any CPU
		{3E98A98B-EF92-4793-9CD7-44212D54FB0D}.Debug|Any CPU.ActiveCfg = Debug|Any CPU
		{3E98A98B-EF92-4793-9CD7-44212D54FB0D}.Debug|Any CPU.Build.0 = Debug|Any CPU
		{3E98A98B-EF92-4793-9CD7-44212D54FB0D}.Release|Any CPU.ActiveCfg = Release|Any CPU
		{3E98A98B-EF92-4793-9CD7-44212D54FB0D}.Release|Any CPU.Build.0 = Release|Any CPU
		{3E98A98B-EF92-4793-9CD7-44212D54FB0D}.Release|Any CPU.Deploy.0 = Release|Any CPU
	EndGlobalSection
	GlobalSection(NestedProjects) = preSolution
		# Define solution folder hierarchy
		{22F3504B-927F-4BCD-B093-88A19C9C1A08} = {1A0CE173-CD80-4B77-BA95-6D3F8FD2A7EA}
		{3E98A98B-EF92-4793-9CD7-44212D54FB0D} = {24318BB3-3BCD-4BAD-8C1C-D7E8D3BC244E}
		{F3FDC048-EACC-4C59-AFCE-4A9AED03D740} = {24318BB3-3BCD-4BAD-8C1C-D7E8D3BC244E}
		{8E1D752B-5FF1-4E74-9E1B-3C90FC41EBE5} = {24318BB3-3BCD-4BAD-8C1C-D7E8D3BC244E}
		{9F9C2508-9F1A-4C09-9842-7DD91C558987} = {7DFCBCBB-896F-478B-9566-53E3342CAA91}
		{54AE27C3-6BE9-4F30-9CB8-A7EBA5826D78} = {9F9C2508-9F1A-4C09-9842-7DD91C558987}
		{3D34D6C5-1938-45A0-A4A0-0592C9E52973} = {9F9C2508-9F1A-4C09-9842-7DD91C558987}
		{0D7C9EE7-F2D2-4062-9171-6EE0BF9D5BFC} = {9F9C2508-9F1A-4C09-9842-7DD91C558987}
		{CC7EA4F2-BD0A-4A31-95F1-46ECC1EC6841} = {9F9C2508-9F1A-4C09-9842-7DD91C558987}
		{B94E0085-0F86-4D3B-BEF1-5186224CD95A} = {7DFCBCBB-896F-478B-9566-53E3342CAA91}
		{19D0D699-5EE1-4C0D-B7A6-20E525DB0467} = {B94E0085-0F86-4D3B-BEF1-5186224CD95A}
		{1D59DF32-A813-464A-8BE0-8EA8C7F2BE25} = {B94E0085-0F86-4D3B-BEF1-5186224CD95A}
		{AC5AF0C2-6C1C-450F-BBD0-0C850C226C87} = {B94E0085-0F86-4D3B-BEF1-5186224CD95A}
		{D9089B41-8A0A-4D33-B932-EC57E4C6D95C} = {B94E0085-0F86-4D3B-BEF1-5186224CD95A}
		# More nested projects...
		{58C78FA9-3F82-4967-AA09-840C2C31D113} = {7DFCBCBB-896F-478B-9566-53E3342CAA91}
		{6AC74A6A-A0C2-4ED5-A993-14C0A331CF01} = {58C78FA9-3F82-4967-AA09-840C2C31D113}
		{79C39EE3-C6D4-4D5C-B0AA-5A531E510A34} = {58C78FA9-3F82-4967-AA09-840C2C31D113}
		{F7AAAE68-6C4B-476C-8EA5-2CFA3DA8BF50} = {58C78FA9-3F82-4967-AA09-840C2C31D113}
		{2F9DFDBE-B212-437D-9068-B598D45158BF} = {58C78FA9-3F82-4967-AA09-840C2C31D113}
		{67F422F6-8A1F-400B-A782-7B7BF18F216E} = {7DFCBCBB-896F-478B-9566-53E3342CAA91}
		{F4B60D5A-52D0-4B29-8514-18C78C5C6AE3} = {67F422F6-8A1F-400B-A782-7B7BF18F216E}
		{E6F2C89E-645F-4C2B-B904-225C5D6F3F18} = {67F422F6-8A1F-400B-A782-7B7BF18F216E}
		{9CAF2911-B365-4782-85D5-69C83C3451C5} = {67F422F6-8A1F-400B-A782-7B7BF18F216E}
		{06B06D0F-7262-4EA0-BAF2-AF4D05D531C2} = {67F422F6-8A1F-400B-A782-7B7BF18F216E}
		{DF08A6BB-2D39-4507-8F29-C71F3C09451C} = {F7B0CF06-C0C1-4E64-BB29-39A02087A640}
		{10B53D91-9321-4EF7-A727-1F917CDDD6F2} = {F7B0CF06-C0C1-4E64-BB29-39A02087A640}
		{2F4DF5FC-E74A-4FC4-AFF5-9954B4A5CEE4} = {F7B0CF06-C0C1-4E64-BB29-39A02087A640}
		{7CCD7A85-373B-49CE-A329-1F97A23CE25D} = {F7B0CF06-C0C1-4E64-BB29-39A02087A640}
		{9BA82BC8-D7CF-4148-9317-EBBC9AEDB08F} = {A16D4856-1A72-4B31-8808-A8B7EBC4D488}
		{22E7ABE8-0F6F-4E8C-AE05-1CDD0449E2CB} = {A16D4856-1A72-4B31-8808-A8B7EBC4D488}
		{1B1DEBF2-7406-4836-A1F3-4B13587B324E} = {3A0C21F2-26BA-4119-81B4-71C09A35BE44}
		{AE3FF3F9-B1B9-4714-8D8C-C50C499C365E} = {A9349D4B-8F6A-4FAE-9876-9BC68C5FC0B4}
		{3A0C21F2-26BA-4119-81B4-71C09A35BE44} = {17A8FD87-FAF8-4A6B-9146-33C94D9ACB9D}
		{A9349D4B-8F6A-4FAE-9876-9BC68C5FC0B4} = {17A8FD87-FAF8-4A6B-9146-33C94D9ACB9D}
	EndGlobalSection
EndGlobal
